// !$*UTF8*$!
{
	archiveVersion = 1;
	classes = {
	};
	objectVersion = 46;
	objects = {

/* Begin PBXBuildFile section */
		3522975B1A84F555004DF04E /* AppDelegate.swift in Sources */ = {isa = PBXBuildFile; fileRef = 3522975A1A84F555004DF04E /* AppDelegate.swift */; };
		3522975D1A84F555004DF04E /* ViewController.swift in Sources */ = {isa = PBXBuildFile; fileRef = 3522975C1A84F555004DF04E /* ViewController.swift */; };
		352297601A84F555004DF04E /* Main.storyboard in Resources */ = {isa = PBXBuildFile; fileRef = 3522975E1A84F555004DF04E /* Main.storyboard */; };
		352297621A84F555004DF04E /* Images.xcassets in Resources */ = {isa = PBXBuildFile; fileRef = 352297611A84F555004DF04E /* Images.xcassets */; };
		352297651A84F555004DF04E /* LaunchScreen.xib in Resources */ = {isa = PBXBuildFile; fileRef = 352297631A84F555004DF04E /* LaunchScreen.xib */; };
		352297711A84F555004DF04E /* PostcardTests.swift in Sources */ = {isa = PBXBuildFile; fileRef = 352297701A84F555004DF04E /* PostcardTests.swift */; };
		3522977B1A84FE2F004DF04E /* winterBack.jpg in Resources */ = {isa = PBXBuildFile; fileRef = 3522977A1A84FE2F004DF04E /* winterBack.jpg */; };
		3522977D1A851753004DF04E /* foppaFrimärke.jpg in Resources */ = {isa = PBXBuildFile; fileRef = 3522977C1A851753004DF04E /* foppaFrimärke.jpg */; };
/* End PBXBuildFile section */

/* Begin PBXContainerItemProxy section */
		3522976B1A84F555004DF04E /* PBXContainerItemProxy */ = {
			isa = PBXContainerItemProxy;
			containerPortal = 3522974D1A84F555004DF04E /* Project object */;
			proxyType = 1;
			remoteGlobalIDString = 352297541A84F555004DF04E;
			remoteInfo = Postcard;
		};
/* End PBXContainerItemProxy section */

/* Begin PBXFileReference section */
		352297551A84F555004DF04E /* Postcard.app */ = {isa = PBXFileReference; explicitFileType = wrapper.application; includeInIndex = 0; path = Postcard.app; sourceTree = BUILT_PRODUCTS_DIR; };
		352297591A84F555004DF04E /* Info.plist */ = {isa = PBXFileReference; lastKnownFileType = text.plist.xml; path = Info.plist; sourceTree = "<group>"; };
		3522975A1A84F555004DF04E /* AppDelegate.swift */ = {isa = PBXFileReference; lastKnownFileType = sourcecode.swift; path = AppDelegate.swift; sourceTree = "<group>"; };
		3522975C1A84F555004DF04E /* ViewController.swift */ = {isa = PBXFileReference; lastKnownFileType = sourcecode.swift; path = ViewController.swift; sourceTree = "<group>"; };
		3522975F1A84F555004DF04E /* Base */ = {isa = PBXFileReference; lastKnownFileType = file.storyboard; name = Base; path = Base.lproj/Main.storyboard; sourceTree = "<group>"; };
		352297611A84F555004DF04E /* Images.xcassets */ = {isa = PBXFileReference; lastKnownFileType = folder.assetcatalog; path = Images.xcassets; sourceTree = "<group>"; };
		352297641A84F555004DF04E /* Base */ = {isa = PBXFileReference; lastKnownFileType = file.xib; name = Base; path = Base.lproj/LaunchScreen.xib; sourceTree = "<group>"; };
		3522976A1A84F555004DF04E /* PostcardTests.xctest */ = {isa = PBXFileReference; explicitFileType = wrapper.cfbundle; includeInIndex = 0; path = PostcardTests.xctest; sourceTree = BUILT_PRODUCTS_DIR; };
		3522976F1A84F555004DF04E /* Info.plist */ = {isa = PBXFileReference; lastKnownFileType = text.plist.xml; path = Info.plist; sourceTree = "<group>"; };
		352297701A84F555004DF04E /* PostcardTests.swift */ = {isa = PBXFileReference; lastKnownFileType = sourcecode.swift; path = PostcardTests.swift; sourceTree = "<group>"; };
		3522977A1A84FE2F004DF04E /* winterBack.jpg */ = {isa = PBXFileReference; lastKnownFileType = image.jpeg; path = winterBack.jpg; sourceTree = "<group>"; };
		3522977C1A851753004DF04E /* foppaFrimärke.jpg */ = {isa = PBXFileReference; lastKnownFileType = image.jpeg; path = "foppaFrimärke.jpg"; sourceTree = "<group>"; };
/* End PBXFileReference section */

/* Begin PBXFrameworksBuildPhase section */
		352297521A84F555004DF04E /* Frameworks */ = {
			isa = PBXFrameworksBuildPhase;
			buildActionMask = 2147483647;
			files = (
			);
			runOnlyForDeploymentPostprocessing = 0;
		};
		352297671A84F555004DF04E /* Frameworks */ = {
			isa = PBXFrameworksBuildPhase;
			buildActionMask = 2147483647;
			files = (
			);
			runOnlyForDeploymentPostprocessing = 0;
		};
/* End PBXFrameworksBuildPhase section */

/* Begin PBXGroup section */
		3522974C1A84F555004DF04E = {
			isa = PBXGroup;
			children = (
				352297571A84F555004DF04E /* Postcard */,
				3522976D1A84F555004DF04E /* PostcardTests */,
				352297561A84F555004DF04E /* Products */,
			);
			sourceTree = "<group>";
		};
		352297561A84F555004DF04E /* Products */ = {
			isa = PBXGroup;
			children = (
				352297551A84F555004DF04E /* Postcard.app */,
				3522976A1A84F555004DF04E /* PostcardTests.xctest */,
			);
			name = Products;
			sourceTree = "<group>";
		};
		352297571A84F555004DF04E /* Postcard */ = {
			isa = PBXGroup;
			children = (
				3522975A1A84F555004DF04E /* AppDelegate.swift */,
				3522975C1A84F555004DF04E /* ViewController.swift */,
				3522975E1A84F555004DF04E /* Main.storyboard */,
				352297611A84F555004DF04E /* Images.xcassets */,
				352297631A84F555004DF04E /* LaunchScreen.xib */,
				352297581A84F555004DF04E /* Supporting Files */,
			);
			path = Postcard;
			sourceTree = "<group>";
		};
		352297581A84F555004DF04E /* Supporting Files */ = {
			isa = PBXGroup;
			children = (
				3522977C1A851753004DF04E /* foppaFrimärke.jpg */,
				3522977A1A84FE2F004DF04E /* winterBack.jpg */,
				352297591A84F555004DF04E /* Info.plist */,
			);
			name = "Supporting Files";
			sourceTree = "<group>";
		};
		3522976D1A84F555004DF04E /* PostcardTests */ = {
			isa = PBXGroup;
			children = (
				352297701A84F555004DF04E /* PostcardTests.swift */,
				3522976E1A84F555004DF04E /* Supporting Files */,
			);
			path = PostcardTests;
			sourceTree = "<group>";
		};
		3522976E1A84F555004DF04E /* Supporting Files */ = {
			isa = PBXGroup;
			children = (
				3522976F1A84F555004DF04E /* Info.plist */,
			);
			name = "Supporting Files";
			sourceTree = "<group>";
		};
/* End PBXGroup section */

/* Begin PBXNativeTarget section */
		352297541A84F555004DF04E /* Postcard */ = {
			isa = PBXNativeTarget;
			buildConfigurationList = 352297741A84F555004DF04E /* Build configuration list for PBXNativeTarget "Postcard" */;
			buildPhases = (
				352297511A84F555004DF04E /* Sources */,
				352297521A84F555004DF04E /* Frameworks */,
				352297531A84F555004DF04E /* Resources */,
			);
			buildRules = (
			);
			dependencies = (
			);
			name = Postcard;
			productName = Postcard;
			productReference = 352297551A84F555004DF04E /* Postcard.app */;
			productType = "com.apple.product-type.application";
		};
		352297691A84F555004DF04E /* PostcardTests */ = {
			isa = PBXNativeTarget;
			buildConfigurationList = 352297771A84F555004DF04E /* Build configuration list for PBXNativeTarget "PostcardTests" */;
			buildPhases = (
				352297661A84F555004DF04E /* Sources */,
				352297671A84F555004DF04E /* Frameworks */,
				352297681A84F555004DF04E /* Resources */,
			);
			buildRules = (
			);
			dependencies = (
				3522976C1A84F555004DF04E /* PBXTargetDependency */,
			);
			name = PostcardTests;
			productName = PostcardTests;
			productReference = 3522976A1A84F555004DF04E /* PostcardTests.xctest */;
			productType = "com.apple.product-type.bundle.unit-test";
		};
/* End PBXNativeTarget section */

/* Begin PBXProject section */
		3522974D1A84F555004DF04E /* Project object */ = {
			isa = PBXProject;
			attributes = {
				LastUpgradeCheck = 0610;
				ORGANIZATIONNAME = Fredrik;
				TargetAttributes = {
					352297541A84F555004DF04E = {
						CreatedOnToolsVersion = 6.1.1;
					};
					352297691A84F555004DF04E = {
						CreatedOnToolsVersion = 6.1.1;
						TestTargetID = 352297541A84F555004DF04E;
					};
				};
			};
			buildConfigurationList = 352297501A84F555004DF04E /* Build configuration list for PBXProject "Postcard" */;
			compatibilityVersion = "Xcode 3.2";
			developmentRegion = English;
			hasScannedForEncodings = 0;
			knownRegions = (
				en,
				Base,
			);
			mainGroup = 3522974C1A84F555004DF04E;
			productRefGroup = 352297561A84F555004DF04E /* Products */;
			projectDirPath = "";
			projectRoot = "";
			targets = (
				352297541A84F555004DF04E /* Postcard */,
				352297691A84F555004DF04E /* PostcardTests */,
			);
		};
/* End PBXProject section */

/* Begin PBXResourcesBuildPhase section */
		352297531A84F555004DF04E /* Resources */ = {
			isa = PBXResourcesBuildPhase;
			buildActionMask = 2147483647;
			files = (
				3522977D1A851753004DF04E /* foppaFrimärke.jpg in Resources */,
				352297601A84F555004DF04E /* Main.storyboard in Resources */,
				352297651A84F555004DF04E /* LaunchScreen.xib in Resources */,
				352297621A84F555004DF04E /* Images.xcassets in Resources */,
				3522977B1A84FE2F004DF04E /* winterBack.jpg in Resources */,
			);
			runOnlyForDeploymentPostprocessing = 0;
		};
		352297681A84F555004DF04E /* Resources */ = {
			isa = PBXResourcesBuildPhase;
			buildActionMask = 2147483647;
			files = (
			);
			runOnlyForDeploymentPostprocessing = 0;
		};
/* End PBXResourcesBuildPhase section */

/* Begin PBXSourcesBuildPhase section */
		352297511A84F555004DF04E /* Sources */ = {
			isa = PBXSourcesBuildPhase;
			buildActionMask = 2147483647;
			files = (
				3522975D1A84F555004DF04E /* ViewController.swift in Sources */,
				3522975B1A84F555004DF04E /* AppDelegate.swift in Sources */,
			);
			runOnlyForDeploymentPostprocessing = 0;
		};
		352297661A84F555004DF04E /* Sources */ = {
			isa = PBXSourcesBuildPhase;
			buildActionMask = 2147483647;
			files = (
				352297711A84F555004DF04E /* PostcardTests.swift in Sources */,
			);
			runOnlyForDeploymentPostprocessing = 0;
		};
/* End PBXSourcesBuildPhase section */

/* Begin PBXTargetDependency section */
		3522976C1A84F555004DF04E /* PBXTargetDependency */ = {
			isa = PBXTargetDependency;
			target = 352297541A84F555004DF04E /* Postcard */;
			targetProxy = 3522976B1A84F555004DF04E /* PBXContainerItemProxy */;
		};
/* End PBXTargetDependency section */

/* Begin PBXVariantGroup section */
		3522975E1A84F555004DF04E /* Main.storyboard */ = {
			isa = PBXVariantGroup;
			children = (
				3522975F1A84F555004DF04E /* Base */,
			);
			name = Main.storyboard;
			sourceTree = "<group>";
		};
		352297631A84F555004DF04E /* LaunchScreen.xib */ = {
			isa = PBXVariantGroup;
			children = (
				352297641A84F555004DF04E /* Base */,
			);
			name = LaunchScreen.xib;
			sourceTree = "<group>";
		};
/* End PBXVariantGroup section */

/* Begin XCBuildConfiguration section */
		352297721A84F555004DF04E /* Debug */ = {
			isa = XCBuildConfiguration;
			buildSettings = {
				ALWAYS_SEARCH_USER_PATHS = NO;
				CLANG_CXX_LANGUAGE_STANDARD = "gnu++0x";
				CLANG_CXX_LIBRARY = "libc++";
				CLANG_ENABLE_MODULES = YES;
				CLANG_ENABLE_OBJC_ARC = YES;
				CLANG_WARN_BOOL_CONVERSION = YES;
				CLANG_WARN_CONSTANT_CONVERSION = YES;
				CLANG_WARN_DIRECT_OBJC_ISA_USAGE = YES_ERROR;
				CLANG_WARN_EMPTY_BODY = YES;
				CLANG_WARN_ENUM_CONVERSION = YES;
				CLANG_WARN_INT_CONVERSION = YES;
				CLANG_WARN_OBJC_ROOT_CLASS = YES_ERROR;
				CLANG_WARN_UNREACHABLE_CODE = YES;
				CLANG_WARN__DUPLICATE_METHOD_MATCH = YES;
				"CODE_SIGN_IDENTITY[sdk=iphoneos*]" = "iPhone Developer";
				COPY_PHASE_STRIP = NO;
				ENABLE_STRICT_OBJC_MSGSEND = YES;
				GCC_C_LANGUAGE_STANDARD = gnu99;
				GCC_DYNAMIC_NO_PIC = NO;
				GCC_OPTIMIZATION_LEVEL = 0;
				GCC_PREPROCESSOR_DEFINITIONS = (
					"DEBUG=1",
					"$(inherited)",
				);
				GCC_SYMBOLS_PRIVATE_EXTERN = NO;
				GCC_WARN_64_TO_32_BIT_CONVERSION = YES;
				GCC_WARN_ABOUT_RETURN_TYPE = YES_ERROR;
				GCC_WARN_UNDECLARED_SELECTOR = YES;
				GCC_WARN_UNINITIALIZED_AUTOS = YES_AGGRESSIVE;
				GCC_WARN_UNUSED_FUNCTION = YES;
				GCC_WARN_UNUSED_VARIABLE = YES;
				IPHONEOS_DEPLOYMENT_TARGET = 8.1;
				MTL_ENABLE_DEBUG_INFO = YES;
				ONLY_ACTIVE_ARCH = YES;
				SDKROOT = iphoneos;
				SWIFT_OPTIMIZATION_LEVEL = "-Onone";
				TARGETED_DEVICE_FAMILY = "1,2";
			};
			name = Debug;
		};
		352297731A84F555004DF04E /* Release */ = {
			isa = XCBuildConfiguration;
			buildSettings = {
				ALWAYS_SEARCH_USER_PATHS = NO;
				CLANG_CXX_LANGUAGE_STANDARD = "gnu++0x";
				CLANG_CXX_LIBRARY = "libc++";
				CLANG_ENABLE_MODULES = YES;
				CLANG_ENABLE_OBJC_ARC = YES;
				CLANG_WARN_BOOL_CONVERSION = YES;
				CLANG_WARN_CONSTANT_CONVERSION = YES;
				CLANG_WARN_DIRECT_OBJC_ISA_USAGE = YES_ERROR;
				CLANG_WARN_EMPTY_BODY = YES;
				CLANG_WARN_ENUM_CONVERSION = YES;
				CLANG_WARN_INT_CONVERSION = YES;
				CLANG_WARN_OBJC_ROOT_CLASS = YES_ERROR;
				CLANG_WARN_UNREACHABLE_CODE = YES;
				CLANG_WARN__DUPLICATE_METHOD_MATCH = YES;
				"CODE_SIGN_IDENTITY[sdk=iphoneos*]" = "iPhone Developer";
				COPY_PHASE_STRIP = YES;
				ENABLE_NS_ASSERTIONS = NO;
				ENABLE_STRICT_OBJC_MSGSEND = YES;
				GCC_C_LANGUAGE_STANDARD = gnu99;
				GCC_WARN_64_TO_32_BIT_CONVERSION = YES;
				GCC_WARN_ABOUT_RETURN_TYPE = YES_ERROR;
				GCC_WARN_UNDECLARED_SELECTOR = YES;
				GCC_WARN_UNINITIALIZED_AUTOS = YES_AGGRESSIVE;
				GCC_WARN_UNUSED_FUNCTION = YES;
				GCC_WARN_UNUSED_VARIABLE = YES;
				IPHONEOS_DEPLOYMENT_TARGET = 8.1;
				MTL_ENABLE_DEBUG_INFO = NO;
				SDKROOT = iphoneos;
				TARGETED_DEVICE_FAMILY = "1,2";
				VALIDATE_PRODUCT = YES;
			};
			name = Release;
		};
		352297751A84F555004DF04E /* Debug */ = {
			isa = XCBuildConfiguration;
			buildSettings = {
				ASSETCATALOG_COMPILER_APPICON_NAME = AppIcon;
				INFOPLIST_FILE = Postcard/Info.plist;
				LD_RUNPATH_SEARCH_PATHS = "$(inherited) @executable_path/Frameworks";
				PRODUCT_NAME = "$(TARGET_NAME)";
			};
			name = Debug;
		};
		352297761A84F555004DF04E /* Release */ = {
			isa = XCBuildConfiguration;
			buildSettings = {
				ASSETCATALOG_COMPILER_APPICON_NAME = AppIcon;
				INFOPLIST_FILE = Postcard/Info.plist;
				LD_RUNPATH_SEARCH_PATHS = "$(inherited) @executable_path/Frameworks";
				PRODUCT_NAME = "$(TARGET_NAME)";
			};
			name = Release;
		};
		352297781A84F555004DF04E /* Debug */ = {
			isa = XCBuildConfiguration;
			buildSettings = {
				BUNDLE_LOADER = "$(TEST_HOST)";
				FRAMEWORK_SEARCH_PATHS = (
					"$(SDKROOT)/Developer/Library/Frameworks",
					"$(inherited)",
				);
				GCC_PREPROCESSOR_DEFINITIONS = (
					"DEBUG=1",
					"$(inherited)",
				);
				INFOPLIST_FILE = PostcardTests/Info.plist;
				LD_RUNPATH_SEARCH_PATHS = "$(inherited) @executable_path/Frameworks @loader_path/Frameworks";
				PRODUCT_NAME = "$(TARGET_NAME)";
				TEST_HOST = "$(BUILT_PRODUCTS_DIR)/Postcard.app/Postcard";
			};
			name = Debug;
		};
		352297791A84F555004DF04E /* Release */ = {
			isa = XCBuildConfiguration;
			buildSettings = {
				BUNDLE_LOADER = "$(TEST_HOST)";
				FRAMEWORK_SEARCH_PATHS = (
					"$(SDKROOT)/Developer/Library/Frameworks",
					"$(inherited)",
				);
				INFOPLIST_FILE = PostcardTests/Info.plist;
				LD_RUNPATH_SEARCH_PATHS = "$(inherited) @executable_path/Frameworks @loader_path/Frameworks";
				PRODUCT_NAME = "$(TARGET_NAME)";
				TEST_HOST = "$(BUILT_PRODUCTS_DIR)/Postcard.app/Postcard";
			};
			name = Release;
		};
/* End XCBuildConfiguration section */

/* Begin XCConfigurationList section */
		352297501A84F555004DF04E /* Build configuration list for PBXProject "Postcard" */ = {
			isa = XCConfigurationList;
			buildConfigurations = (
				352297721A84F555004DF04E /* Debug */,
				352297731A84F555004DF04E /* Release */,
			);
			defaultConfigurationIsVisible = 0;
			defaultConfigurationName = Release;
		};
		352297741A84F555004DF04E /* Build configuration list for PBXNativeTarget "Postcard" */ = {
			isa = XCConfigurationList;
			buildConfigurations = (
				352297751A84F555004DF04E /* Debug */,
				352297761A84F555004DF04E /* Release */,
			);
			defaultConfigurationIsVisible = 0;
		};
		352297771A84F555004DF04E /* Build configuration list for PBXNativeTarget "PostcardTests" */ = {
			isa = XCConfigurationList;
			buildConfigurations = (
				352297781A84F555004DF04E /* Debug */,
				352297791A84F555004DF04E /* Release */,
			);
			defaultConfigurationIsVisible = 0;
		};
/* End XCConfigurationList section */
	};
	rootObject = 3522974D1A84F555004DF04E /* Project object */;
}
